{
    "_meta": {
        "hash": {
            "sha256": "8835c974a8f01ef018e72f0ff462ce975788c1dad70d75a19d67af26d8df0fd7"
        },
        "pipfile-spec": 6,
        "requires": {
            "python_version": "3.7"
        },
        "sources": [
            {
                "name": "pypi",
                "url": "https://pypi.org/simple",
                "verify_ssl": true
            }
        ]
    },
    "default": {
        "certifi": {
            "hashes": [
                "sha256:5930595817496dd21bb8dc35dad090f1c2cd0adfaf21204bf6732ca5d8ee34d3",
                "sha256:8fc0819f1f30ba15bdb34cceffb9ef04d99f420f68eb75d901e9560b8749fc41"
            ],
            "version": "==2020.6.20"
        },
        "chardet": {
            "hashes": [
                "sha256:84ab92ed1c4d4f16916e05906b6b75a6c0fb5db821cc65e70cbd64a3e2a5eaae",
                "sha256:fc323ffcaeaed0e0a02bf4d117757b98aed530d9ed4531e3e15460124c106691"
            ],
            "version": "==3.0.4"
        },
        "cython": {
            "hashes": [
                "sha256:03f6bbb380ad0acb744fb06e42996ea217e9d00016ca0ff6f2e7d60f580d0360",
                "sha256:05e8cfd3a3a6087aec49a1ae08a89171db991956209406d1e5576f9db70ece52",
                "sha256:05eb79efc8029d487251c8a2702a909a8ba33c332e06d2f3980866541bd81253",
                "sha256:094d28a34c3fa992ae02aea1edbe6ff89b3cc5870b6ee38b5baeb805dc57b013",
                "sha256:0c70e842e52e2f50cc43bad43b5e5bc515f30821a374e544abb0e0746f2350ff",
                "sha256:1dcdaa319558eb924294a554dcf6c12383ec947acc7e779e8d3622409a7f7d28",
                "sha256:1fc5bdda28f25fec44e4721677458aa509d743cd350862270309d61aa148d6ff",
                "sha256:280573a01d9348d44a42d6a9c651d9f7eb1fe9217df72555b2a118f902996a10",
                "sha256:298ceca7b0f0da4205fcb0b7c9ac9e120e2dafffd5019ba1618e84ef89434b5a",
                "sha256:4074a8bff0040035673cc6dd365a762476d6bff4d03d8ce6904e3e53f9a25dc8",
                "sha256:41e7068e95fbf9ec94b41437f989caf9674135e770a39cdb9c00de459bafd1bc",
                "sha256:47e5e1502d52ef03387cf9d3b3241007961a84a466e58a3b74028e1dd4957f8c",
                "sha256:521340844cf388d109ceb61397f3fd5250ccb622a1a8e93559e8de76c80940a9",
                "sha256:6c53338c1811f8c6d7f8cb7abd874810b15045e719e8207f957035c9177b4213",
                "sha256:75c2dda47dcc3c77449712b1417bb6b89ec3b7b02e18c64262494dceffdf455e",
                "sha256:773c5a98e463b52f7e8197254b39b703a5ea1972aef3a94b3b921515d77dd041",
                "sha256:78c3068dcba300d473fef57cdf523e34b37de522f5a494ef9ee1ac9b4b8bbe3f",
                "sha256:7bc18fc5a170f2c1cef5387a3d997c28942918bbee0f700e73fd2178ee8d474d",
                "sha256:7f89eff20e4a7a64b55210dac17aea711ed8a3f2e78f2ff784c0e984302583dd",
                "sha256:89458b49976b1dee5d89ab4ac943da3717b4292bf624367e862e4ee172fcce99",
                "sha256:986f871c0fa649b293061236b93782d25c293a8dd8117c7ba05f8a61bdc261ae",
                "sha256:a0f495a4fe5278aab278feee35e6102efecde5176a8a74dd28c28e3fc5c8d7c7",
                "sha256:a14aa436586c41633339415de82a41164691d02d3e661038da533be5d40794a5",
                "sha256:b8ab3ab38afc47d8f4fe629b836243544351cef681b6bdb1dc869028d6fdcbfb",
                "sha256:bb487881608ebd293592553c618f0c83316f4f13a64cb18605b1d2fb9fd3da3e",
                "sha256:c0b24bfe3431b3cb7ced323bca813dbd13aca973a1475b512d3331fd0de8ec60",
                "sha256:c7894c06205166d360ab2915ae306d1f7403e9ce3d3aaeff4095eaf98e42ce66",
                "sha256:d4039bb7f234ad32267c55e72fd49fb56078ea102f9d9d8559f6ec34d4887630",
                "sha256:e4d6bb8703d0319eb04b7319b12ea41580df44fd84d83ccda13ea463c6801414",
                "sha256:e8fab9911fd2fa8e5af407057cb8bdf87762f983cba483fa3234be20a9a0af77",
                "sha256:f3818e578e687cdb21dc4aa4a3bc6278c656c9c393e9eda14dd04943f478863d",
                "sha256:fe666645493d72712c46e4fbe8bec094b06aec3c337400479e9704439c9d9586"
            ],
            "markers": "python_version >= '2.6' and python_version not in '3.0, 3.1, 3.2, 3.3'",
            "version": "==0.29.14"
        },
        "gensim": {
            "hashes": [
                "sha256:05bfc02e102a34c9c795095b688b1b4aaa2529c624821368c9c3ea6a16536f77",
                "sha256:1e3d66c2eec494376fc599701d9c2868549aed6e93e47177e39217f0188e2d88",
                "sha256:22f45fd239cacd0e3715ac447a2c8a5eea02e730ec1f701c55b359e9298e63a8",
                "sha256:3af62709369331c85552fd26caa21504baa64accc426dc094172f5c688750013",
                "sha256:41dcf6ecdc9acc657157967c791b8cbaba90ee6391f64efd28339b72f5e0c327",
                "sha256:440700e29b494bc2e1d52e14b69a821f46ab09ecf85cf36c8988f18e1d6c7a8b",
                "sha256:4e34cf2e50f3eab3e303da46089ea4972567bf216e28f7535ada155770784ac8",
                "sha256:61eed1d6b5fbe6dda0586ea447ebc2dc7890a7f70c2ed953d5abc3fe3cfb94bb",
                "sha256:637fc5969f3cef4b7c8fd3e78e31ef09565c5566d5ceabf076b4170eb6444a80",
                "sha256:6711b6d3a0007530ee7de7adc30a4c48a1d26ec6312ac50e1d1e0a1d54f9de5b",
                "sha256:685a7657278161628821c8f873c5d7d2ffc0c28866648e39f76b450e4c7d5390",
                "sha256:7629b33cf35f672efdd5269381f7e301958ee2638f27dfc63b80c5bfeaa827d3",
                "sha256:786adb0571f75114e9c5f7a31dd2e6eb39a9791f22c8757621545e2ded3ea367",
                "sha256:7a90549dfc8ee3822fcad6da957de07d927e4e90ef42b3699543dee35ab2da13",
                "sha256:8ff471921b3b10ffb3ae6cbb598dd9c07d9dc030dee5aa167e7682b549c42f87",
                "sha256:90115d12ee545c21cc75521ef1bb3dd66aae8a378e9c2eb029c9f22df173c125",
                "sha256:91fa62d61b21f1878f140b10520f9de4a26a52672fbe407edfc7e09ca2eff235",
                "sha256:9c214b341f5304b906c79844e2787c13b46505df9dc70afca79a9a7dc0894478",
                "sha256:a47903d104469a7a8b6f22ad5ef74681b19c4f4b71ff2c2893271b53161a43e4",
                "sha256:a61179df454a0d4b06a111c4ede0536f61c8121b4c0d0d02d23560a2fd4b3aff",
                "sha256:a8807ebf324dd11e1298a91a92d6e57c7bdabb91d0d5240bf1efa0c0eacd86f0",
                "sha256:b36e6330471061cfd78aad751e24c6b4f56d575697af0fbab42655128927d296",
                "sha256:b61a7c841a752c84b685674aa0d610289faad38795b325176481abe19b487e98",
                "sha256:cc387d0d8bddbf3609ab95b3453296e4c9ff92c35e9799a17d86b1571d77a5fc",
                "sha256:d79370f78e9013b9d1e867c85ecc678d46a7ae0f01a8ca29e8f4291e5373b170",
                "sha256:ef2ddeceff482aee17c1e185f63bf027c8de8f595fdd9fd2d2503de96008f3b7",
                "sha256:f8ea67bf8c47ee55cb1b32c97fa1474b7d6d22959dd8097c019a5d9c9df34f5f",
                "sha256:fe98277a7b3b4987b40c928056bbaae1d0715022cf27bba89d05cd0d4fe51a84"
            ],
            "index": "pypi",
            "version": "==3.8.3"
        },
        "idna": {
            "hashes": [
                "sha256:b307872f855b18632ce0c21c5e45be78c0ea7ae4c15c828c20788b26921eb3f6",
                "sha256:b97d804b1e9b523befed77c48dacec60e6dcb0b5391d57af6a65a312a90648c0"
            ],
            "markers": "python_version >= '2.7' and python_version not in '3.0, 3.1, 3.2, 3.3'",
            "version": "==2.10"
        },
        "jieba": {
            "hashes": [
                "sha256:055ca12f62674fafed09427f176506079bc135638a14e23e25be909131928db2"
            ],
            "index": "pypi",
            "version": "==0.42.1"
        },
        "joblib": {
            "hashes": [
                "sha256:698c311779f347cf6b7e6b8a39bb682277b8ee4aba8cf9507bc0cf4cd4737b72",
                "sha256:9e284edd6be6b71883a63c9b7f124738a3c16195513ad940eae7e3438de885d5"
            ],
            "index": "pypi",
            "version": "==0.17.0"
        },
        "numpy": {
            "hashes": [
                "sha256:08308c38e44cc926bdfce99498b21eec1f848d24c302519e64203a8da99a97db",
                "sha256:09c12096d843b90eafd01ea1b3307e78ddd47a55855ad402b157b6c4862197ce",
                "sha256:13d166f77d6dc02c0a73c1101dd87fdf01339febec1030bd810dcd53fff3b0f1",
                "sha256:141ec3a3300ab89c7f2b0775289954d193cc8edb621ea05f99db9cb181530512",
                "sha256:16c1b388cc31a9baa06d91a19366fb99ddbe1c7b205293ed072211ee5bac1ed2",
                "sha256:18bed2bcb39e3f758296584337966e68d2d5ba6aab7e038688ad53c8f889f757",
                "sha256:1aeef46a13e51931c0b1cf8ae1168b4a55ecd282e6688fdb0a948cc5a1d5afb9",
                "sha256:27d3f3b9e3406579a8af3a9f262f5339005dd25e0ecf3cf1559ff8a49ed5cbf2",
                "sha256:2a2740aa9733d2e5b2dfb33639d98a64c3b0f24765fed86b0fd2aec07f6a0a08",
                "sha256:4377e10b874e653fe96985c05feed2225c912e328c8a26541f7fc600fb9c637b",
                "sha256:448ebb1b3bf64c0267d6b09a7cba26b5ae61b6d2dbabff7c91b660c7eccf2bdb",
                "sha256:50e86c076611212ca62e5a59f518edafe0c0730f7d9195fec718da1a5c2bb1fc",
                "sha256:5734bdc0342aba9dfc6f04920988140fb41234db42381cf7ccba64169f9fe7ac",
                "sha256:64324f64f90a9e4ef732be0928be853eee378fd6a01be21a0a8469c4f2682c83",
                "sha256:6ae6c680f3ebf1cf7ad1d7748868b39d9f900836df774c453c11c5440bc15b36",
                "sha256:6d7593a705d662be5bfe24111af14763016765f43cb6923ed86223f965f52387",
                "sha256:8cac8790a6b1ddf88640a9267ee67b1aee7a57dfa2d2dd33999d080bc8ee3a0f",
                "sha256:8ece138c3a16db8c1ad38f52eb32be6086cc72f403150a79336eb2045723a1ad",
                "sha256:9eeb7d1d04b117ac0d38719915ae169aa6b61fca227b0b7d198d43728f0c879c",
                "sha256:a09f98011236a419ee3f49cedc9ef27d7a1651df07810ae430a6b06576e0b414",
                "sha256:a5d897c14513590a85774180be713f692df6fa8ecf6483e561a6d47309566f37",
                "sha256:ad6f2ff5b1989a4899bf89800a671d71b1612e5ff40866d1f4d8bcf48d4e5764",
                "sha256:c42c4b73121caf0ed6cd795512c9c09c52a7287b04d105d112068c1736d7c753",
                "sha256:cb1017eec5257e9ac6209ac172058c430e834d5d2bc21961dceeb79d111e5909",
                "sha256:d6c7bb82883680e168b55b49c70af29b84b84abb161cbac2800e8fcb6f2109b6",
                "sha256:e452dc66e08a4ce642a961f134814258a082832c78c90351b75c41ad16f79f63",
                "sha256:e5b6ed0f0b42317050c88022349d994fe72bfe35f5908617512cd8c8ef9da2a9",
                "sha256:e9b30d4bd69498fc0c3fe9db5f62fffbb06b8eb9321f92cc970f2969be5e3949",
                "sha256:ec149b90019852266fec2341ce1db513b843e496d5a8e8cdb5ced1923a92faab",
                "sha256:edb01671b3caae1ca00881686003d16c2209e07b7ef8b7639f1867852b948f7c",
                "sha256:f0d3929fe88ee1c155129ecd82f981b8856c5d97bcb0d5f23e9b4242e79d1de3",
                "sha256:f29454410db6ef8126c83bd3c968d143304633d45dc57b51252afbd79d700893",
                "sha256:fe45becb4c2f72a0907c1d0246ea6449fe7a9e2293bb0e11c4e9a32bb0930a15",
                "sha256:fedbd128668ead37f33917820b704784aff695e0019309ad446a6d0b065b57e4"
            ],
            "markers": "python_version >= '3.6'",
            "version": "==1.19.4"
        },
        "pandas": {
            "hashes": [
                "sha256:09e0503758ad61afe81c9069505f8cb8c1e36ea8cc1e6826a95823ef5b327daf",
                "sha256:0a11a6290ef3667575cbd4785a1b62d658c25a2fd70a5adedba32e156a8f1773",
                "sha256:0d9a38a59242a2f6298fff45d09768b78b6eb0c52af5919ea9e45965d7ba56d9",
                "sha256:112c5ba0f9ea0f60b2cc38c25f87ca1d5ca10f71efbee8e0f1bee9cf584ed5d5",
                "sha256:185cf8c8f38b169dbf7001e1a88c511f653fbb9dfa3e048f5e19c38049e991dc",
                "sha256:3aa8e10768c730cc1b610aca688f588831fa70b65a26cb549fbb9f35049a05e0",
                "sha256:41746d520f2b50409dffdba29a15c42caa7babae15616bcf80800d8cfcae3d3e",
                "sha256:43cea38cbcadb900829858884f49745eb1f42f92609d368cabcc674b03e90efc",
                "sha256:5378f58172bd63d8c16dd5d008d7dcdd55bf803fcdbe7da2dcb65dbbf322f05b",
                "sha256:54404abb1cd3f89d01f1fb5350607815326790efb4789be60508f458cdd5ccbf",
                "sha256:5dac3aeaac5feb1016e94bde851eb2012d1733a222b8afa788202b836c97dad5",
                "sha256:5fdb2a61e477ce58d3f1fdf2470ee142d9f0dde4969032edaf0b8f1a9dafeaa2",
                "sha256:6613c7815ee0b20222178ad32ec144061cb07e6a746970c9160af1ebe3ad43b4",
                "sha256:6d2b5b58e7df46b2c010ec78d7fb9ab20abf1d306d0614d3432e7478993fbdb0",
                "sha256:8a5d7e57b9df2c0a9a202840b2881bb1f7a648eba12dd2d919ac07a33a36a97f",
                "sha256:8b4c2055ebd6e497e5ecc06efa5b8aa76f59d15233356eb10dad22a03b757805",
                "sha256:a15653480e5b92ee376f8458197a58cca89a6e95d12cccb4c2d933df5cecc63f",
                "sha256:a7d2547b601ecc9a53fd41561de49a43d2231728ad65c7713d6b616cd02ddbed",
                "sha256:a979d0404b135c63954dea79e6246c45dd45371a88631cdbb4877d844e6de3b6",
                "sha256:b1f8111635700de7ac350b639e7e452b06fc541a328cf6193cf8fc638804bab8",
                "sha256:c5a3597880a7a29a31ebd39b73b2c824316ae63a05c3c8a5ce2aea3fc68afe35",
                "sha256:c681e8fcc47a767bf868341d8f0d76923733cbdcabd6ec3a3560695c69f14a1e",
                "sha256:cf135a08f306ebbcfea6da8bf775217613917be23e5074c69215b91e180caab4",
                "sha256:e2b8557fe6d0a18db4d61c028c6af61bfed44ef90e419ed6fadbdc079eba141e"
            ],
            "index": "pypi",
            "version": "==1.1.4"
        },
        "pymongo": {
            "hashes": [
                "sha256:03dc64a9aa7a5d405aea5c56db95835f6a2fa31b3502c5af1760e0e99210be30",
                "sha256:05fcc6f9c60e6efe5219fbb5a30258adb3d3e5cbd317068f3d73c09727f2abb6",
                "sha256:076a7f2f7c251635cf6116ac8e45eefac77758ee5a77ab7bd2f63999e957613b",
                "sha256:137e6fa718c7eff270dbd2fc4b90d94b1a69c9e9eb3f3de9e850a7fd33c822dc",
                "sha256:1f865b1d1c191d785106f54df9abdc7d2f45a946b45fd1ea0a641b4f982a2a77",
                "sha256:213c445fe7e654621c6309e874627c35354b46ef3ee807f5a1927dc4b30e1a67",
                "sha256:25e617daf47d8dfd4e152c880cd0741cbdb48e51f54b8de9ddbfe74ecd87dd16",
                "sha256:3d9bb1ba935a90ec4809a8031efd988bdb13cdba05d9e9a3e9bf151bf759ecde",
                "sha256:40696a9a53faa7d85aaa6fd7bef1cae08f7882640bad08c350fb59dee7ad069b",
                "sha256:421aa1b92c291c429668bd8d8d8ec2bd00f183483a756928e3afbf2b6f941f00",
                "sha256:4437300eb3a5e9cc1a73b07d22c77302f872f339caca97e9bf8cf45eca8fa0d2",
                "sha256:455f4deb00158d5ec8b1d3092df6abb681b225774ab8a59b3510293b4c8530e3",
                "sha256:475a34a0745c456ceffaec4ce86b7e0983478f1b6140890dff7b161e7bcd895b",
                "sha256:4797c0080f41eba90404335e5ded3aa66731d303293a675ff097ce4ea3025bb9",
                "sha256:4ae23fbbe9eadf61279a26eba866bbf161a6f7e2ffad14a42cf20e9cb8e94166",
                "sha256:4b32744901ee9990aa8cd488ec85634f443526def1e5190a407dc107148249d7",
                "sha256:50127b13b38e8e586d5e97d342689405edbd74ad0bd891d97ee126a8c7b6e45f",
                "sha256:50531caa7b4be1c4ed5e2d5793a4e51cc9bd62a919a6fd3299ef7c902e206eab",
                "sha256:63a5387e496a98170ffe638b435c0832c0f2011a6f4ff7a2880f17669fff8c03",
                "sha256:68220b81850de8e966d4667d5c325a96c6ac0d6adb3d18935d6e3d325d441f48",
                "sha256:689142dc0c150e9cb7c012d84cac2c346d40beb891323afb6caf18ec4caafae0",
                "sha256:6a15e2bee5c4188369a87ed6f02de804651152634a46cca91966a11c8abd2550",
                "sha256:7122ffe597b531fb065d3314e704a6fe152b81820ca5f38543e70ffcc95ecfd4",
                "sha256:7307024b18266b302f4265da84bb1effb5d18999ef35b30d17592959568d5c0a",
                "sha256:7a4a6f5b818988a3917ec4baa91d1143242bdfece8d38305020463955961266a",
                "sha256:83c5a3ecd96a9f3f11cfe6dfcbcec7323265340eb24cc996acaecea129865a3a",
                "sha256:890b0f1e18dbd898aeb0ab9eae1ab159c6bcbe87f0abb065b0044581d8614062",
                "sha256:8deda1f7b4c03242f2a8037706d9584e703f3d8c74d6d9cac5833db36fe16c42",
                "sha256:8ea13d0348b4c96b437d944d7068d59ed4a6c98aaa6c40d8537a2981313f1c66",
                "sha256:91e96bf85b7c07c827d339a386e8a3cf2e90ef098c42595227f729922d0851df",
                "sha256:96782ebb3c9e91e174c333208b272ea144ed2a684413afb1038e3b3342230d72",
                "sha256:9755c726aa6788f076114dfdc03b92b03ff8860316cca00902cce88bcdb5fedd",
                "sha256:9dbab90c348c512e03f146e93a5e2610acec76df391043ecd46b6b775d5397e6",
                "sha256:9ee0eef254e340cc11c379f797af3977992a7f2c176f1a658740c94bf677e13c",
                "sha256:9fc17fdac8f1973850d42e51e8ba6149d93b1993ed6768a24f352f926dd3d587",
                "sha256:a2787319dc69854acdfd6452e6a8ba8f929aeb20843c7f090e04159fc18e6245",
                "sha256:b7c522292407fa04d8195032493aac937e253ad9ae524aab43b9d9d242571f03",
                "sha256:bd312794f51e37dcf77f013d40650fe4fbb211dd55ef2863839c37480bd44369",
                "sha256:c0d660a186e36c526366edf8a64391874fe53cf8b7039224137aee0163c046df",
                "sha256:c4869141e20769b65d2d72686e7a7eb141ce9f3168106bed3e7dcced54eb2422",
                "sha256:cc4057f692ac35bbe82a0a908d42ce3a281c9e913290fac37d7fa3bd01307dfb",
                "sha256:cccf1e7806f12300e3a3b48f219e111000c2538483e85c869c35c1ae591e6ce9",
                "sha256:ce208f80f398522e49d9db789065c8ad2cd37b21bd6b23d30053474b7416af11",
                "sha256:d0565481dc196986c484a7fb13214fc6402201f7fb55c65fd215b3324962fe6c",
                "sha256:d1b3366329c45a474b3bbc9b9c95d4c686e03f35da7fd12bc144626d1f2a7c04",
                "sha256:d226e0d4b9192d95079a9a29c04dd81816b1ce8903b8c174a39224fe978547cb",
                "sha256:d38b35f6eef4237b1d0d8e845fc1546dad85c55eba447e28c211da8c7ef9697c",
                "sha256:d64c98277ea80e4484f1332ab107e8dfd173a7dcf1bdbf10a9cccc97aaab145f",
                "sha256:d9de8427a5601799784eb0e7fa1b031aa64086ce04de29df775a8ca37eedac41",
                "sha256:e6a15cf8f887d9f578dd49c6fb3a99d53e1d922fdd67a245a67488d77bf56eb2",
                "sha256:e8c446882cbb3774cd78c738c9f58220606b702b7c1655f1423357dc51674054",
                "sha256:e8d188ee39bd0ffe76603da887706e4e7b471f613625899ddf1e27867dc6a0d3",
                "sha256:ef76535776c0708a85258f6dc51d36a2df12633c735f6d197ed7dfcaa7449b99",
                "sha256:f6efca006a81e1197b925a7d7b16b8f61980697bb6746587aad8842865233218"
            ],
            "index": "pypi",
            "version": "==3.11.0"
        },
        "python-dateutil": {
            "hashes": [
                "sha256:73ebfe9dbf22e832286dafa60473e4cd239f8592f699aa5adaf10050e6e1823c",
                "sha256:75bb3f31ea686f1197762692a9ee6a7550b59fc6ca3a1f4b5d7e32fb98e2da2a"
            ],
            "markers": "python_version >= '2.7' and python_version not in '3.0, 3.1, 3.2, 3.3'",
            "version": "==2.8.1"
        },
        "pytz": {
            "hashes": [
                "sha256:3e6b7dd2d1e0a59084bcee14a17af60c5c562cdc16d828e8eba2e683d3a7e268",
                "sha256:5c55e189b682d420be27c6995ba6edce0c0a77dd67bfbe2ae6607134d5851ffd"
            ],
            "version": "==2020.4"
        },
        "requests": {
            "hashes": [
                "sha256:b3559a131db72c33ee969480840fff4bb6dd111de7dd27c8ee1f820f4f00231b",
                "sha256:fe75cc94a9443b9246fc7049224f75604b113c36acb93f87b80ed42c44cbb898"
            ],
            "markers": "python_version >= '2.7' and python_version not in '3.0, 3.1, 3.2, 3.3, 3.4'",
            "version": "==2.24.0"
        },
        "scikit-learn": {
            "hashes": [
                "sha256:06c9816249b9664ef1b04ad6a5d4dfe0c4017c584858c4e658861c2ac5eb4f31",
                "sha256:12ec6b2821a0b4d1b7cbe0e5d6387e64e25e6ec8cfef058b276a14509c3a537b",
                "sha256:13b9ac18d48c051dfea32783067f2e45552e45852b88f3bccdb5c72fa56df3fe",
                "sha256:1e0cb60dae75da9e72d38569d18bbad5008777defd23585035a1314a01af966c",
                "sha256:28033cb7b50b8a6c3762cddd41dc7e5449347dedfa353409a576082e76309d09",
                "sha256:2d35ece66767dd197d020940b1dab3be92ddbb1c96aaef0936d9c4369d544d69",
                "sha256:51ee25330fc244107588545c70e2f3570cfc4017cff09eed69d6e1d82a212b7d",
                "sha256:571476fbb826c87ad300a5aad0238c14a590ab7df5cb823ee19ac077bf13b5f4",
                "sha256:5e0b5bebfd8bd8ab89b58c44acb95ddcc9439b23c875ed597842991cafc18b62",
                "sha256:671874343a0b33bc0dbcae4af0b9a77c55b8132b33887fbfe086681c3f010840",
                "sha256:6fad30299ef3dd103871ad1235b445fd5d2df47c424746eaf3c50fbc99c49cef",
                "sha256:7f1cdfd3c5e9d0951e273f49bb25bd9886537ab77e2273502b8676c3105828ae",
                "sha256:80eec2f54cc7f51c5abb743f09506e009ba2b95bf6fb0e554aa0d8959b680003",
                "sha256:93001af23b0f1e68d93447f9d56bad631d4fc28eafd78b09469fb55aeff715b1",
                "sha256:956a68772df02342af129e8bbe858b3053745c36beb6351a13641e3b56e0df23",
                "sha256:96e1365ba285903e493b1e9505b533171c852f7069d038dcc3395ece952fdc78",
                "sha256:bacc63185520d9eb295d79fa62c388fd7145783920a1fb113451a0b294994cad",
                "sha256:d92b81615854504c27063e0970aed37e644eea5991444558c8aca8fadc1483b3",
                "sha256:d92ed650c32db013f66bba63af4922bd7a9b8c5802d4ee292332e504e567bd4a",
                "sha256:ebdf03b6e7f784e360ab26cf400cd2125d650c0903ef11086c0a3f2b4b07e603",
                "sha256:f18ae2abc09cb94a171840829a8132dda7267c941eb431387a6014f943946825"
            ],
            "index": "pypi",
            "version": "==0.22.1"
        },
        "scipy": {
            "hashes": [
                "sha256:168c45c0c32e23f613db7c9e4e780bc61982d71dcd406ead746c7c7c2f2004ce",
                "sha256:213bc59191da2f479984ad4ec39406bf949a99aba70e9237b916ce7547b6ef42",
                "sha256:25b241034215247481f53355e05f9e25462682b13bd9191359075682adcd9554",
                "sha256:2c872de0c69ed20fb1a9b9cf6f77298b04a26f0b8720a5457be08be254366c6e",
                "sha256:3397c129b479846d7eaa18f999369a24322d008fac0782e7828fa567358c36ce",
                "sha256:368c0f69f93186309e1b4beb8e26d51dd6f5010b79264c0f1e9ca00cd92ea8c9",
                "sha256:3d5db5d815370c28d938cf9b0809dade4acf7aba57eaf7ef733bfedc9b2474c4",
                "sha256:4598cf03136067000855d6b44d7a1f4f46994164bcd450fb2c3d481afc25dd06",
                "sha256:4a453d5e5689de62e5d38edf40af3f17560bfd63c9c5bd228c18c1f99afa155b",
                "sha256:4f12d13ffbc16e988fa40809cbbd7a8b45bc05ff6ea0ba8e3e41f6f4db3a9e47",
                "sha256:634568a3018bc16a83cda28d4f7aed0d803dd5618facb36e977e53b2df868443",
                "sha256:65923bc3809524e46fb7eb4d6346552cbb6a1ffc41be748535aa502a2e3d3389",
                "sha256:6b0ceb23560f46dd236a8ad4378fc40bad1783e997604ba845e131d6c680963e",
                "sha256:8c8d6ca19c8497344b810b0b0344f8375af5f6bb9c98bd42e33f747417ab3f57",
                "sha256:9ad4fcddcbf5dc67619379782e6aeef41218a79e17979aaed01ed099876c0e62",
                "sha256:a254b98dbcc744c723a838c03b74a8a34c0558c9ac5c86d5561703362231107d",
                "sha256:b03c4338d6d3d299e8ca494194c0ae4f611548da59e3c038813f1a43976cb437",
                "sha256:cc1f78ebc982cd0602c9a7615d878396bec94908db67d4ecddca864d049112f2",
                "sha256:d6d25c41a009e3c6b7e757338948d0076ee1dd1770d1c09ec131f11946883c54",
                "sha256:d84cadd7d7998433334c99fa55bcba0d8b4aeff0edb123b2a1dfcface538e474",
                "sha256:e360cb2299028d0b0d0f65a5c5e51fc16a335f1603aa2357c25766c8dab56938",
                "sha256:e98d49a5717369d8241d6cf33ecb0ca72deee392414118198a8e5b4c35c56340",
                "sha256:ed572470af2438b526ea574ff8f05e7f39b44ac37f712105e57fc4d53a6fb660",
                "sha256:f87b39f4d69cf7d7529d7b1098cb712033b17ea7714aed831b95628f483fd012",
                "sha256:fa789583fc94a7689b45834453fec095245c7e69c58561dc159b5d5277057e4c"
            ],
            "markers": "python_version >= '3.6'",
            "version": "==1.5.4"
        },
        "six": {
            "hashes": [
                "sha256:30639c035cdb23534cd4aa2dd52c3bf48f06e5f4a941509c8bafd8ce11080259",
                "sha256:8b74bedcbbbaca38ff6d7491d76f2b06b3592611af620f8426e82dddb04a5ced"
            ],
            "markers": "python_version >= '2.7' and python_version not in '3.0, 3.1, 3.2, 3.3'",
            "version": "==1.15.0"
        },
        "smart-open": {
            "hashes": [
                "sha256:7f4e85b71df5a3618f5447d0b417b7a3576308c839690a24a70338b8993684c3"
            ],
            "markers": "python_version >= '3.5'",
            "version": "==3.0.0"
        },
        "urllib3": {
            "hashes": [
                "sha256:8d7eaa5a82a1cac232164990f04874c594c9453ec55eef02eab885aa02fc17a2",
                "sha256:f5321fbe4bf3fefa0efd0bfe7fb14e90909eb62a48ccda331726b4319897dd5e"
            ],
            "markers": "python_version >= '2.7' and python_version not in '3.0, 3.1, 3.2, 3.3, 3.4' and python_version < '4'",
            "version": "==1.25.11"
        }
    },
    "develop": {}
}
